<?xml version="1.0" encoding="UTF-8" standalone="yes" ?>
<CodeBlocks_project_file>
	<FileVersion major="1" minor="6" />
	<Project>
		<Option title="Proyecto" />
		<Option pch_mode="2" />
		<Option compiler="gcc-mingw32" />
		<Build>
			<Target title="Debug">
				<Option output="bin/Debug/Proyecto" prefix_auto="1" extension_auto="1" />
				<Option object_output="obj/Debug/" />
				<Option type="1" />
				<Option compiler="gcc-mingw32" />
				<Compiler>
					<Add directory="include" />
				</Compiler>
			</Target>
			<Target title="Release">
				<Option output="bin/Release/Proyecto" prefix_auto="1" extension_auto="1" />
				<Option object_output="obj/Release/" />
				<Option type="1" />
				<Option compiler="gcc-mingw32" />
				<Compiler>
					<Add directory="include" />
				</Compiler>
			</Target>
		</Build>
		<Unit filename="include/Abonos.h" />
		<Unit filename="include/Cliente.h" />
		<Unit filename="include/ControladorPrincipal.h" />
		<Unit filename="include/Usuario.h" />
		<Unit filename="include/Ventas.h" />
		<Unit filename="include/VistaAdministrador.h" />
		<Unit filename="include/VistaCliente.h" />
		<Unit filename="include/VistaPrincipal.h" />
		<Unit filename="main.cpp" />
		<Unit filename="src/Abonos.cpp" />
		<Unit filename="src/Cliente.cpp" />
		<Unit filename="src/ControladorPrincipal.cpp" />
		<Unit filename="src/Usuario.cpp" />
		<Unit filename="src/Ventas.cpp" />
		<Unit filename="src/VistaAdministrador.cpp" />
		<Unit filename="src/VistaCliente.cpp" />
		<Unit filename="src/VistaPrincipal.cpp" />
		<Extensions />
	</Project>
</CodeBlocks_project_file>
